PODS:
  - Flutter (1.0.0)
  - flutter_naver_login (0.0.1):
    - Flutter
    - NidThirdPartyLogin (~> 5.0.0)
  - NidThirdPartyLogin (5.0.1)
  - permission_handler_apple (9.3.0):
    - Flutter

DEPENDENCIES:
  - Flutter (from `Flutter`)
  - flutter_naver_login (from `.symlinks/plugins/flutter_naver_login/ios`)
  - permission_handler_apple (from `.symlinks/plugins/permission_handler_apple/ios`)

SPEC REPOS:
  trunk:
    - NidThirdPartyLogin

EXTERNAL SOURCES:
  Flutter:
    :path: Flutter
  flutter_naver_login:
    :path: ".symlinks/plugins/flutter_naver_login/ios"
  permission_handler_apple:
    :path: ".symlinks/plugins/permission_handler_apple/ios"

SPEC CHECKSUMS:
  Flutter: cabc95a1d2626b1b06e7179b784ebcf0c0cde467
  flutter_naver_login: 965ca284c1a64f0185dfaf9dfd1b8f69f34e6c11
  NidThirdPartyLogin: ed291a543cc60a433bcad522b6bf7d3126ad4fdc
  permission_handler_apple: 4ed2196e43d0651e8ff7ca3483a069d469701f2d

PODFILE CHECKSUM: fce94e4aec06e81eefbb06608005e446882071bc

COCOAPODS: 1.16.2
